{
  "object": {
    "pins": [
      {
        "package": "Kingfisher",
        "repositoryURL": "git@github.com:onevcat/Kingfisher.git",
        "state": {
          "branch": null,
          "revision": "910d808ade2a576e1a292ceb458a6fa43f67f594",
          "version": "5.14.0"
        }
      },
      {
        "package": "Pax",
        "repositoryURL": "git@github.com:synesthesia-it/Pax.git",
        "state": {
          "branch": "master",
          "revision": "d846836f4bb77fde37378495d3e277f7fea899a3",
          "version": null
        }
      },
      {
        "package": "RxDataSources",
        "repositoryURL": "https://github.com/RxSwiftCommunity/RxDataSources.git",
        "state": {
          "branch": null,
          "revision": "a18cee01c9ee55f04d0c7eb15c77a96c3648c88e",
          "version": "4.0.1"
        }
      },
      {
        "package": "RxSwift",
        "repositoryURL": "https://github.com/ReactiveX/RxSwift.git",
        "state": {
          "branch": null,
          "revision": "002d325b0bdee94e7882e1114af5ff4fe1e96afa",
          "version": "5.1.1"
        }
      }
    ]
  },
  "version": 1
}
