// !$*UTF8*$!
{
	archiveVersion = 1;
	classes = {
	};
	objectVersion = 50;
	objects = {

/* Begin PBXBuildFile section */
		06A5B1E84A5B7FAAE20D6C8F /* RxBoomerang.framework in Frameworks */ = {isa = PBXBuildFile; fileRef = 4B223206BD4BB8BCCD92BE90 /* RxBoomerang.framework */; platformFilter = ios; };
		0BA228AC4F6CEFAB13C25D1A /* CollectionViewCellFactory.swift in Sources */ = {isa = PBXBuildFile; fileRef = 2A0E2449D53D297068D6685F /* CollectionViewCellFactory.swift */; };
		0D70D2AFB48D8632C9630ACF /* UITableView+Sizing.swift in Sources */ = {isa = PBXBuildFile; fileRef = 303989FF82CF77B752531377 /* UITableView+Sizing.swift */; };
		1293E2B4FD27EBD543DA69B6 /* RxListViewModel.swift in Sources */ = {isa = PBXBuildFile; fileRef = FA069B2E4B6982E5A81707F7 /* RxListViewModel.swift */; };
		1A3A4CF3276F510DFFB27FE0 /* DynamicHeightCalculator.swift in Sources */ = {isa = PBXBuildFile; fileRef = FC179766423D354016D65D16 /* DynamicHeightCalculator.swift */; };
		250AE9EC6369E8A6B8D8DE21 /* RxNavigationViewModel.swift in Sources */ = {isa = PBXBuildFile; fileRef = DD494C21F2256C90521F4733 /* RxNavigationViewModel.swift */; };
		3712E119F1746387B5E9EEBF /* ContentCollectionViewCell.swift in Sources */ = {isa = PBXBuildFile; fileRef = 0D3D4C4D5343CA980A51CC61 /* ContentCollectionViewCell.swift */; };
		37311041B9377A6F8D6366B4 /* UIKit.framework in Frameworks */ = {isa = PBXBuildFile; fileRef = 4761CCE2FA9F58DE562EE577 /* UIKit.framework */; };
		39CB4FFA5D1ABAFE3E7D2B89 /* Boomerang.framework in Frameworks */ = {isa = PBXBuildFile; fileRef = A8536BE9B42FC1AAEB475CA7 /* Boomerang.framework */; platformFilter = ios; };
		3B5B290C9481B25F553911EB /* StackView+Rx.swift in Sources */ = {isa = PBXBuildFile; fileRef = 8638564F6307AB658CA0182E /* StackView+Rx.swift */; };
		3B8F351AC4BBC357865A2E5A /* UIStackView+Boomerang.swift in Sources */ = {isa = PBXBuildFile; fileRef = 46922F7963ECFEA40E8F91C7 /* UIStackView+Boomerang.swift */; };
		3E3CA117EF36F8560658E151 /* ElementSize.swift in Sources */ = {isa = PBXBuildFile; fileRef = 13E2071C0490D64926B2CE9A /* ElementSize.swift */; };
		3F9DA298EBC222F6C2AF4CB3 /* RxDataSources.framework in Frameworks */ = {isa = PBXBuildFile; fileRef = F21A1E88FEF416FFA86BB1CF /* RxDataSources.framework */; platformFilter = ios; };
		4323E28D3CE6A9C3BB00AFC7 /* DynamicSizeCalculator.swift in Sources */ = {isa = PBXBuildFile; fileRef = BA834700866FAC74556A28F2 /* DynamicSizeCalculator.swift */; };
		4965F2FDA003466E5BED237F /* Differentiator.framework in Frameworks */ = {isa = PBXBuildFile; fileRef = FFEB4BE767D4E176D08E3253 /* Differentiator.framework */; platformFilter = ios; };
		525F76A508B735F5C2BDD0D4 /* RxViewModel.swift in Sources */ = {isa = PBXBuildFile; fileRef = 6AA2CC6F8CBE8A93EBE19614 /* RxViewModel.swift */; };
		5872B16FEDA5D21268CA51B2 /* Scene.swift in Sources */ = {isa = PBXBuildFile; fileRef = 694CD2C98CCA3456955A461E /* Scene.swift */; };
		5BA7FEDA6D5FB20784A22C5B /* SwiftUIViewModel.swift in Sources */ = {isa = PBXBuildFile; fileRef = A0B109702816D1F510E5424E /* SwiftUIViewModel.swift */; };
		5CA2E3FB868BA2845323CF4E /* CollectionViewDelegate.swift in Sources */ = {isa = PBXBuildFile; fileRef = 31940BBD34D16D54975A74E6 /* CollectionViewDelegate.swift */; };
		5E5543C953A3A4651911CFCD /* Section.swift in Sources */ = {isa = PBXBuildFile; fileRef = E5DDF42FE6AE1DC959BD89FB /* Section.swift */; };
		62165506349044AE86179237 /* List.swift in Sources */ = {isa = PBXBuildFile; fileRef = 3EF3686EF7D59414B725A8DE /* List.swift */; };
		63AFC5D753497C928C5A1899 /* ViewModel.swift in Sources */ = {isa = PBXBuildFile; fileRef = C6AB81D1B65380882B2DFC75 /* ViewModel.swift */; };
		68488EC7F4F1429D0C04006A /* AutomaticSizeCalculator.swift in Sources */ = {isa = PBXBuildFile; fileRef = 213173C614E6E582ACFBF903 /* AutomaticSizeCalculator.swift */; };
		6FB2AD28D339DB5C3E3267CE /* RxSwift.framework in Frameworks */ = {isa = PBXBuildFile; fileRef = 90378B2D1EFCC7E1DE16F871 /* RxSwift.framework */; platformFilter = ios; };
		7A85FEBFDD6782F33E0DEBEA /* TableViewDataSource.swift in Sources */ = {isa = PBXBuildFile; fileRef = 31F21B50E337B9B7D5B41D6C /* TableViewDataSource.swift */; };
		7D294CF31B97A5D2702D6009 /* CombineViewModel.swift in Sources */ = {isa = PBXBuildFile; fileRef = 5A4A674A767F836D90F208F1 /* CombineViewModel.swift */; };
		83A164664BB096DC3D08B092 /* TableViewCellFactory.swift in Sources */ = {isa = PBXBuildFile; fileRef = C4E6C49FD5856B185AF7EA59 /* TableViewCellFactory.swift */; };
		86CEBA40AFCE5866D20ADDA4 /* ListViewModel.swift in Sources */ = {isa = PBXBuildFile; fileRef = E62A2E7C03CE2676A7405097 /* ListViewModel.swift */; };
		8ACC1244A2F4694E3E2E2255 /* RxStateMachine.swift in Sources */ = {isa = PBXBuildFile; fileRef = CDC0A411C7FC05AEC175B0F0 /* RxStateMachine.swift */; };
		8B12B853083349E2979E0098 /* RxStateMachine.swift in Sources */ = {isa = PBXBuildFile; fileRef = 971FF2B48CD1C97B70AD55EB /* RxStateMachine.swift */; };
		93D387E379316DB070191F5F /* DependencyContainer.swift in Sources */ = {isa = PBXBuildFile; fileRef = DA5505E26ED5A9A647A1AECA /* DependencyContainer.swift */; };
		980B2315EA54BB72D2178600 /* RxNavigationViewModel.swift in Sources */ = {isa = PBXBuildFile; fileRef = 4B0804FD129489B5754EB96F /* RxNavigationViewModel.swift */; };
		9822ED2C7CF244564F76281A /* Utilities.swift in Sources */ = {isa = PBXBuildFile; fileRef = A4C96DC1FD55F873AD2F5D70 /* Utilities.swift */; };
		98C4738E5D0EC7EFD96134CC /* TableViewDelegate.swift in Sources */ = {isa = PBXBuildFile; fileRef = E62C6A4FF7AB4E01CED23973 /* TableViewDelegate.swift */; };
		9DDE5CDD8C16B88A481AD12D /* UIKit+Constraints.swift in Sources */ = {isa = PBXBuildFile; fileRef = D1B7BF13EF0D672F732DCA64 /* UIKit+Constraints.swift */; };
		9E3AA459C296C1DF4EE70782 /* Errors.swift in Sources */ = {isa = PBXBuildFile; fileRef = EC30A697C47083AC02F855F4 /* Errors.swift */; };
		A119C265F44E5FA249C75B91 /* ViewFactory.swift in Sources */ = {isa = PBXBuildFile; fileRef = CE2F23521F47B39FA5F0EC84 /* ViewFactory.swift */; };
		A1E099B1A6C4284D26A56F67 /* Route.swift in Sources */ = {isa = PBXBuildFile; fileRef = 4C0377465E7F9EF0C74BB3B8 /* Route.swift */; };
		A210CAEAFA3C25E5EBA00B71 /* ViewController+Rx.swift in Sources */ = {isa = PBXBuildFile; fileRef = 3D4BB481BB24A6645FD6EFDE /* ViewController+Rx.swift */; };
		A2A56F9480C77A0446C5CC8E /* PropertyAssignment.swift in Sources */ = {isa = PBXBuildFile; fileRef = 9003708A8F4A4E4DF4D9C744 /* PropertyAssignment.swift */; };
		AC2F11B2BA4FF0F4DACEDEFB /* RxCocoa.framework in Frameworks */ = {isa = PBXBuildFile; fileRef = 0025A89C811997FF7A8E3B91 /* RxCocoa.framework */; platformFilter = ios; };
		AC5890AB2E701ABE4041855B /* XCTest.framework in Frameworks */ = {isa = PBXBuildFile; fileRef = 67E2CF8A682BDCB5EEC93495 /* XCTest.framework */; };
		B02B3252C446308C02D9E42E /* CollectionView+Rx.swift in Sources */ = {isa = PBXBuildFile; fileRef = 6BFC906DEA84D49B827682A5 /* CollectionView+Rx.swift */; };
		B3EDB24DED4098E86C5B3DC5 /* TableView+Rx.swift in Sources */ = {isa = PBXBuildFile; fileRef = 35939E6FABE1E2FCC53D2ED9 /* TableView+Rx.swift */; };
		B5680EB47CF87360414AA653 /* RxBlocking.framework in Frameworks */ = {isa = PBXBuildFile; fileRef = C49745D4491E8773B77B977B /* RxBlocking.framework */; platformFilter = ios; };
		BC18B5A7D69EA219AECA13E6 /* AutomaticHeightCalculator.swift in Sources */ = {isa = PBXBuildFile; fileRef = 192008887C184D89D5EF4DF1 /* AutomaticHeightCalculator.swift */; };
		BCD5B1384701D5C00AC27C4F /* UICollectionView+Sizing.swift in Sources */ = {isa = PBXBuildFile; fileRef = 3BF5C8AD1192C94995BE2538 /* UICollectionView+Sizing.swift */; };
		C0AC7F22D045AB41D83D1C36 /* ContentTableViewCell.swift in Sources */ = {isa = PBXBuildFile; fileRef = 667C17E474779C6B5285CC78 /* ContentTableViewCell.swift */; };
		C206888868A72BBA5B87D9ED /* Grid.swift in Sources */ = {isa = PBXBuildFile; fileRef = A51FCC5677DB106FAC5B4E8E /* Grid.swift */; };
		C63C82563A3E286FB0F8DFE9 /* BaseHeightCalculator.swift in Sources */ = {isa = PBXBuildFile; fileRef = 6F4D3834037F9E1CFA2D5958 /* BaseHeightCalculator.swift */; };
		C8630CE9D48159F24E1E8ACA /* RxListViewModel.swift in Sources */ = {isa = PBXBuildFile; fileRef = 7F430838F21E68983ACCBC86 /* RxListViewModel.swift */; };
		CBF6E8A2C2FEC33780DA715B /* BaseSizeCalculator.swift in Sources */ = {isa = PBXBuildFile; fileRef = 7C9E8A7044E20469C17AD8E0 /* BaseSizeCalculator.swift */; };
		D49486571714CFE09CB06D08 /* RxRelay.framework in Frameworks */ = {isa = PBXBuildFile; fileRef = 6C3CB0267EC7DA83BBDC83E4 /* RxRelay.framework */; platformFilter = ios; };
		D9C59D49B58E0072B6B02767 /* RxViewModel.swift in Sources */ = {isa = PBXBuildFile; fileRef = 016FC7C15A739D15CA82E7EA /* RxViewModel.swift */; };
		E28BA12C592B5D3C6342A359 /* ElementSize.Implementations.swift in Sources */ = {isa = PBXBuildFile; fileRef = 68B58A0809B02D3F72C9DA67 /* ElementSize.Implementations.swift */; };
		F1AB660896F919CF74B00240 /* CollectionViewDataSource.swift in Sources */ = {isa = PBXBuildFile; fileRef = 88272D55BFA1034DA7AE662F /* CollectionViewDataSource.swift */; };
		F91A637AE756BEFCFECC965C /* SwiftUIViewFactory.swift in Sources */ = {isa = PBXBuildFile; fileRef = 5D29D4A39C5FBFB22DA753B7 /* SwiftUIViewFactory.swift */; };
		FE6BBF694B397CCEB10F4929 /* NavigationViewModel.swift in Sources */ = {isa = PBXBuildFile; fileRef = 71D56F065C68D42A83F7EF32 /* NavigationViewModel.swift */; };
/* End PBXBuildFile section */

/* Begin PBXContainerItemProxy section */
		B7943111D3D9B69BD24A8141 /* PBXContainerItemProxy */ = {
			isa = PBXContainerItemProxy;
			containerPortal = 3F82BF397D808EA7108D5355 /* Project object */;
			proxyType = 1;
			remoteGlobalIDString = 037AD08C87198EF4363389B4;
			remoteInfo = RxBoomerang;
		};
		C14565F2B7496F77D391797D /* PBXContainerItemProxy */ = {
			isa = PBXContainerItemProxy;
			containerPortal = 3F82BF397D808EA7108D5355 /* Project object */;
			proxyType = 1;
			remoteGlobalIDString = 292A43BE996B52F6A65965BE;
			remoteInfo = Boomerang;
		};
/* End PBXContainerItemProxy section */

/* Begin PBXCopyFilesBuildPhase section */
		053693CC74A5173BEB8A7A47 /* Embed Frameworks */ = {
			isa = PBXCopyFilesBuildPhase;
			buildActionMask = 2147483647;
			dstPath = "";
			dstSubfolderSpec = 10;
			files = (
			);
			name = "Embed Frameworks";
			runOnlyForDeploymentPostprocessing = 0;
		};
		3D3FCC331DDBF24733EBA681 /* Embed Frameworks */ = {
			isa = PBXCopyFilesBuildPhase;
			buildActionMask = 2147483647;
			dstPath = "";
			dstSubfolderSpec = 10;
			files = (
			);
			name = "Embed Frameworks";
			runOnlyForDeploymentPostprocessing = 0;
		};
		464479FFE8D489274A2822B3 /* Embed Frameworks */ = {
			isa = PBXCopyFilesBuildPhase;
			buildActionMask = 2147483647;
			dstPath = "";
			dstSubfolderSpec = 10;
			files = (
			);
			name = "Embed Frameworks";
			runOnlyForDeploymentPostprocessing = 0;
		};
/* End PBXCopyFilesBuildPhase section */

/* Begin PBXFileReference section */
		0025A89C811997FF7A8E3B91 /* RxCocoa.framework */ = {isa = PBXFileReference; explicitFileType = wrapper.framework; includeInIndex = 0; path = RxCocoa.framework; sourceTree = BUILT_PRODUCTS_DIR; };
		016FC7C15A739D15CA82E7EA /* RxViewModel.swift */ = {isa = PBXFileReference; lastKnownFileType = sourcecode.swift; path = RxViewModel.swift; sourceTree = "<group>"; };
		0D3D4C4D5343CA980A51CC61 /* ContentCollectionViewCell.swift */ = {isa = PBXFileReference; lastKnownFileType = sourcecode.swift; path = ContentCollectionViewCell.swift; sourceTree = "<group>"; };
		13E2071C0490D64926B2CE9A /* ElementSize.swift */ = {isa = PBXFileReference; lastKnownFileType = sourcecode.swift; path = ElementSize.swift; sourceTree = "<group>"; };
		192008887C184D89D5EF4DF1 /* AutomaticHeightCalculator.swift */ = {isa = PBXFileReference; lastKnownFileType = sourcecode.swift; path = AutomaticHeightCalculator.swift; sourceTree = "<group>"; };
		1F53E299718B01329058BC54 /* Boomerang-Info.plist */ = {isa = PBXFileReference; lastKnownFileType = text.plist; path = "Boomerang-Info.plist"; sourceTree = "<group>"; };
		213173C614E6E582ACFBF903 /* AutomaticSizeCalculator.swift */ = {isa = PBXFileReference; lastKnownFileType = sourcecode.swift; path = AutomaticSizeCalculator.swift; sourceTree = "<group>"; };
		2A0E2449D53D297068D6685F /* CollectionViewCellFactory.swift */ = {isa = PBXFileReference; lastKnownFileType = sourcecode.swift; path = CollectionViewCellFactory.swift; sourceTree = "<group>"; };
		303989FF82CF77B752531377 /* UITableView+Sizing.swift */ = {isa = PBXFileReference; lastKnownFileType = sourcecode.swift; path = "UITableView+Sizing.swift"; sourceTree = "<group>"; };
		31940BBD34D16D54975A74E6 /* CollectionViewDelegate.swift */ = {isa = PBXFileReference; lastKnownFileType = sourcecode.swift; path = CollectionViewDelegate.swift; sourceTree = "<group>"; };
		31F21B50E337B9B7D5B41D6C /* TableViewDataSource.swift */ = {isa = PBXFileReference; lastKnownFileType = sourcecode.swift; path = TableViewDataSource.swift; sourceTree = "<group>"; };
		35939E6FABE1E2FCC53D2ED9 /* TableView+Rx.swift */ = {isa = PBXFileReference; lastKnownFileType = sourcecode.swift; path = "TableView+Rx.swift"; sourceTree = "<group>"; };
		3BF5C8AD1192C94995BE2538 /* UICollectionView+Sizing.swift */ = {isa = PBXFileReference; lastKnownFileType = sourcecode.swift; path = "UICollectionView+Sizing.swift"; sourceTree = "<group>"; };
		3D4BB481BB24A6645FD6EFDE /* ViewController+Rx.swift */ = {isa = PBXFileReference; lastKnownFileType = sourcecode.swift; path = "ViewController+Rx.swift"; sourceTree = "<group>"; };
		3EF3686EF7D59414B725A8DE /* List.swift */ = {isa = PBXFileReference; lastKnownFileType = sourcecode.swift; path = List.swift; sourceTree = "<group>"; };
		46922F7963ECFEA40E8F91C7 /* UIStackView+Boomerang.swift */ = {isa = PBXFileReference; lastKnownFileType = sourcecode.swift; path = "UIStackView+Boomerang.swift"; sourceTree = "<group>"; };
		4761CCE2FA9F58DE562EE577 /* UIKit.framework */ = {isa = PBXFileReference; lastKnownFileType = wrapper.framework; name = UIKit.framework; path = Platforms/iPhoneOS.platform/Developer/SDKs/iPhoneOS.sdk/System/Library/Frameworks/UIKit.framework; sourceTree = DEVELOPER_DIR; };
		4B0804FD129489B5754EB96F /* RxNavigationViewModel.swift */ = {isa = PBXFileReference; lastKnownFileType = sourcecode.swift; path = RxNavigationViewModel.swift; sourceTree = "<group>"; };
		4B223206BD4BB8BCCD92BE90 /* RxBoomerang.framework */ = {isa = PBXFileReference; explicitFileType = wrapper.framework; includeInIndex = 0; path = RxBoomerang.framework; sourceTree = BUILT_PRODUCTS_DIR; };
		4C0377465E7F9EF0C74BB3B8 /* Route.swift */ = {isa = PBXFileReference; lastKnownFileType = sourcecode.swift; path = Route.swift; sourceTree = "<group>"; };
		5A4A674A767F836D90F208F1 /* CombineViewModel.swift */ = {isa = PBXFileReference; lastKnownFileType = sourcecode.swift; path = CombineViewModel.swift; sourceTree = "<group>"; };
		5D29D4A39C5FBFB22DA753B7 /* SwiftUIViewFactory.swift */ = {isa = PBXFileReference; lastKnownFileType = sourcecode.swift; path = SwiftUIViewFactory.swift; sourceTree = "<group>"; };
		667C17E474779C6B5285CC78 /* ContentTableViewCell.swift */ = {isa = PBXFileReference; lastKnownFileType = sourcecode.swift; path = ContentTableViewCell.swift; sourceTree = "<group>"; };
		67E2CF8A682BDCB5EEC93495 /* XCTest.framework */ = {isa = PBXFileReference; lastKnownFileType = wrapper.framework; name = XCTest.framework; path = Platforms/iPhoneOS.platform/Developer/SDKs/iPhoneOS.sdk/System/Library/Frameworks/XCTest.framework; sourceTree = DEVELOPER_DIR; };
		68B58A0809B02D3F72C9DA67 /* ElementSize.Implementations.swift */ = {isa = PBXFileReference; lastKnownFileType = sourcecode.swift; path = ElementSize.Implementations.swift; sourceTree = "<group>"; };
		694CD2C98CCA3456955A461E /* Scene.swift */ = {isa = PBXFileReference; lastKnownFileType = sourcecode.swift; path = Scene.swift; sourceTree = "<group>"; };
		6AA2CC6F8CBE8A93EBE19614 /* RxViewModel.swift */ = {isa = PBXFileReference; lastKnownFileType = sourcecode.swift; path = RxViewModel.swift; sourceTree = "<group>"; };
		6BFC906DEA84D49B827682A5 /* CollectionView+Rx.swift */ = {isa = PBXFileReference; lastKnownFileType = sourcecode.swift; path = "CollectionView+Rx.swift"; sourceTree = "<group>"; };
		6C3CB0267EC7DA83BBDC83E4 /* RxRelay.framework */ = {isa = PBXFileReference; explicitFileType = wrapper.framework; includeInIndex = 0; path = RxRelay.framework; sourceTree = BUILT_PRODUCTS_DIR; };
		6F4D3834037F9E1CFA2D5958 /* BaseHeightCalculator.swift */ = {isa = PBXFileReference; lastKnownFileType = sourcecode.swift; path = BaseHeightCalculator.swift; sourceTree = "<group>"; };
		71D56F065C68D42A83F7EF32 /* NavigationViewModel.swift */ = {isa = PBXFileReference; lastKnownFileType = sourcecode.swift; path = NavigationViewModel.swift; sourceTree = "<group>"; };
		7C9E8A7044E20469C17AD8E0 /* BaseSizeCalculator.swift */ = {isa = PBXFileReference; lastKnownFileType = sourcecode.swift; path = BaseSizeCalculator.swift; sourceTree = "<group>"; };
		7F430838F21E68983ACCBC86 /* RxListViewModel.swift */ = {isa = PBXFileReference; lastKnownFileType = sourcecode.swift; path = RxListViewModel.swift; sourceTree = "<group>"; };
		8638564F6307AB658CA0182E /* StackView+Rx.swift */ = {isa = PBXFileReference; lastKnownFileType = sourcecode.swift; path = "StackView+Rx.swift"; sourceTree = "<group>"; };
		88272D55BFA1034DA7AE662F /* CollectionViewDataSource.swift */ = {isa = PBXFileReference; lastKnownFileType = sourcecode.swift; path = CollectionViewDataSource.swift; sourceTree = "<group>"; };
		9003708A8F4A4E4DF4D9C744 /* PropertyAssignment.swift */ = {isa = PBXFileReference; lastKnownFileType = sourcecode.swift; path = PropertyAssignment.swift; sourceTree = "<group>"; };
		90378B2D1EFCC7E1DE16F871 /* RxSwift.framework */ = {isa = PBXFileReference; explicitFileType = wrapper.framework; includeInIndex = 0; path = RxSwift.framework; sourceTree = BUILT_PRODUCTS_DIR; };
		92D81FF679D2FFB072EE789F /* RxBoomerang-Info.plist */ = {isa = PBXFileReference; lastKnownFileType = text.plist; path = "RxBoomerang-Info.plist"; sourceTree = "<group>"; };
		971FF2B48CD1C97B70AD55EB /* RxStateMachine.swift */ = {isa = PBXFileReference; lastKnownFileType = sourcecode.swift; path = RxStateMachine.swift; sourceTree = "<group>"; };
		9CBA5D38F96D395F0F0CF54C /* RxBoomerangTest-Info.plist */ = {isa = PBXFileReference; lastKnownFileType = text.plist; path = "RxBoomerangTest-Info.plist"; sourceTree = "<group>"; };
		A0B109702816D1F510E5424E /* SwiftUIViewModel.swift */ = {isa = PBXFileReference; lastKnownFileType = sourcecode.swift; path = SwiftUIViewModel.swift; sourceTree = "<group>"; };
		A4C96DC1FD55F873AD2F5D70 /* Utilities.swift */ = {isa = PBXFileReference; lastKnownFileType = sourcecode.swift; path = Utilities.swift; sourceTree = "<group>"; };
		A51FCC5677DB106FAC5B4E8E /* Grid.swift */ = {isa = PBXFileReference; lastKnownFileType = sourcecode.swift; path = Grid.swift; sourceTree = "<group>"; };
		A8536BE9B42FC1AAEB475CA7 /* Boomerang.framework */ = {isa = PBXFileReference; explicitFileType = wrapper.framework; includeInIndex = 0; path = Boomerang.framework; sourceTree = BUILT_PRODUCTS_DIR; };
		BA834700866FAC74556A28F2 /* DynamicSizeCalculator.swift */ = {isa = PBXFileReference; lastKnownFileType = sourcecode.swift; path = DynamicSizeCalculator.swift; sourceTree = "<group>"; };
		C49745D4491E8773B77B977B /* RxBlocking.framework */ = {isa = PBXFileReference; explicitFileType = wrapper.framework; includeInIndex = 0; path = RxBlocking.framework; sourceTree = BUILT_PRODUCTS_DIR; };
		C4E6C49FD5856B185AF7EA59 /* TableViewCellFactory.swift */ = {isa = PBXFileReference; lastKnownFileType = sourcecode.swift; path = TableViewCellFactory.swift; sourceTree = "<group>"; };
		C6AB81D1B65380882B2DFC75 /* ViewModel.swift */ = {isa = PBXFileReference; lastKnownFileType = sourcecode.swift; path = ViewModel.swift; sourceTree = "<group>"; };
		CDC0A411C7FC05AEC175B0F0 /* RxStateMachine.swift */ = {isa = PBXFileReference; lastKnownFileType = sourcecode.swift; path = RxStateMachine.swift; sourceTree = "<group>"; };
		CE2F23521F47B39FA5F0EC84 /* ViewFactory.swift */ = {isa = PBXFileReference; lastKnownFileType = sourcecode.swift; path = ViewFactory.swift; sourceTree = "<group>"; };
		D1B7BF13EF0D672F732DCA64 /* UIKit+Constraints.swift */ = {isa = PBXFileReference; lastKnownFileType = sourcecode.swift; path = "UIKit+Constraints.swift"; sourceTree = "<group>"; };
		DA5505E26ED5A9A647A1AECA /* DependencyContainer.swift */ = {isa = PBXFileReference; lastKnownFileType = sourcecode.swift; path = DependencyContainer.swift; sourceTree = "<group>"; };
		DD494C21F2256C90521F4733 /* RxNavigationViewModel.swift */ = {isa = PBXFileReference; lastKnownFileType = sourcecode.swift; path = RxNavigationViewModel.swift; sourceTree = "<group>"; };
		E5DDF42FE6AE1DC959BD89FB /* Section.swift */ = {isa = PBXFileReference; lastKnownFileType = sourcecode.swift; path = Section.swift; sourceTree = "<group>"; };
		E62A2E7C03CE2676A7405097 /* ListViewModel.swift */ = {isa = PBXFileReference; lastKnownFileType = sourcecode.swift; path = ListViewModel.swift; sourceTree = "<group>"; };
		E62C6A4FF7AB4E01CED23973 /* TableViewDelegate.swift */ = {isa = PBXFileReference; lastKnownFileType = sourcecode.swift; path = TableViewDelegate.swift; sourceTree = "<group>"; };
		EC30A697C47083AC02F855F4 /* Errors.swift */ = {isa = PBXFileReference; lastKnownFileType = sourcecode.swift; path = Errors.swift; sourceTree = "<group>"; };
		F21A1E88FEF416FFA86BB1CF /* RxDataSources.framework */ = {isa = PBXFileReference; explicitFileType = wrapper.framework; includeInIndex = 0; path = RxDataSources.framework; sourceTree = BUILT_PRODUCTS_DIR; };
		F4F38B47A805033E31D86CCF /* RxBoomerangTest.framework */ = {isa = PBXFileReference; explicitFileType = wrapper.framework; includeInIndex = 0; path = RxBoomerangTest.framework; sourceTree = BUILT_PRODUCTS_DIR; };
		FA069B2E4B6982E5A81707F7 /* RxListViewModel.swift */ = {isa = PBXFileReference; lastKnownFileType = sourcecode.swift; path = RxListViewModel.swift; sourceTree = "<group>"; };
		FC179766423D354016D65D16 /* DynamicHeightCalculator.swift */ = {isa = PBXFileReference; lastKnownFileType = sourcecode.swift; path = DynamicHeightCalculator.swift; sourceTree = "<group>"; };
		FFEB4BE767D4E176D08E3253 /* Differentiator.framework */ = {isa = PBXFileReference; explicitFileType = wrapper.framework; includeInIndex = 0; path = Differentiator.framework; sourceTree = BUILT_PRODUCTS_DIR; };
/* End PBXFileReference section */

/* Begin PBXFrameworksBuildPhase section */
		13E4AF4A5AC11F99C897C9FE /* Frameworks */ = {
			isa = PBXFrameworksBuildPhase;
			buildActionMask = 2147483647;
			files = (
				39CB4FFA5D1ABAFE3E7D2B89 /* Boomerang.framework in Frameworks */,
				4965F2FDA003466E5BED237F /* Differentiator.framework in Frameworks */,
				AC2F11B2BA4FF0F4DACEDEFB /* RxCocoa.framework in Frameworks */,
				3F9DA298EBC222F6C2AF4CB3 /* RxDataSources.framework in Frameworks */,
				D49486571714CFE09CB06D08 /* RxRelay.framework in Frameworks */,
				6FB2AD28D339DB5C3E3267CE /* RxSwift.framework in Frameworks */,
			);
			runOnlyForDeploymentPostprocessing = 0;
		};
		B05557A62B791B03DFF91414 /* Frameworks */ = {
			isa = PBXFrameworksBuildPhase;
			buildActionMask = 2147483647;
			files = (
				AC5890AB2E701ABE4041855B /* XCTest.framework in Frameworks */,
				B5680EB47CF87360414AA653 /* RxBlocking.framework in Frameworks */,
				06A5B1E84A5B7FAAE20D6C8F /* RxBoomerang.framework in Frameworks */,
			);
			runOnlyForDeploymentPostprocessing = 0;
		};
		FF4D8A14FA1BA9958B8178B2 /* Frameworks */ = {
			isa = PBXFrameworksBuildPhase;
			buildActionMask = 2147483647;
			files = (
				37311041B9377A6F8D6366B4 /* UIKit.framework in Frameworks */,
			);
			runOnlyForDeploymentPostprocessing = 0;
		};
/* End PBXFrameworksBuildPhase section */

/* Begin PBXGroup section */
		0611A1F2C3503F4CB04C7D7F /* Derived */ = {
			isa = PBXGroup;
			children = (
				E44D07EBBBD63CB2A83BCAB1 /* InfoPlists */,
			);
			path = Derived;
			sourceTree = "<group>";
		};
		0EC0962E500C9072E2A2B06A /* UITableView */ = {
			isa = PBXGroup;
			children = (
				DD41A370401755692CA1948B /* Calculators */,
				667C17E474779C6B5285CC78 /* ContentTableViewCell.swift */,
				C4E6C49FD5856B185AF7EA59 /* TableViewCellFactory.swift */,
				31F21B50E337B9B7D5B41D6C /* TableViewDataSource.swift */,
				E62C6A4FF7AB4E01CED23973 /* TableViewDelegate.swift */,
				303989FF82CF77B752531377 /* UITableView+Sizing.swift */,
			);
			path = UITableView;
			sourceTree = "<group>";
		};
		1E0E9CE97FE81F4A644D068E /* Project */ = {
			isa = PBXGroup;
			children = (
				0611A1F2C3503F4CB04C7D7F /* Derived */,
				5BE9118CCC05CC3772B501C5 /* Sources */,
			);
			name = Project;
			sourceTree = "<group>";
		};
		2CA2BBC53E1EA42FBC23FDD9 /* Rx */ = {
			isa = PBXGroup;
			children = (
				6BFC906DEA84D49B827682A5 /* CollectionView+Rx.swift */,
				7F430838F21E68983ACCBC86 /* RxListViewModel.swift */,
				4B0804FD129489B5754EB96F /* RxNavigationViewModel.swift */,
				971FF2B48CD1C97B70AD55EB /* RxStateMachine.swift */,
				016FC7C15A739D15CA82E7EA /* RxViewModel.swift */,
				8638564F6307AB658CA0182E /* StackView+Rx.swift */,
				35939E6FABE1E2FCC53D2ED9 /* TableView+Rx.swift */,
				3D4BB481BB24A6645FD6EFDE /* ViewController+Rx.swift */,
			);
			path = Rx;
			sourceTree = "<group>";
		};
		541A14D8F3C3831477DA749A = {
			isa = PBXGroup;
			children = (
				1E0E9CE97FE81F4A644D068E /* Project */,
				EE0FC75ED866AA7051D84144 /* Frameworks */,
				556EFCA37CA36D1E6F8708DF /* Products */,
			);
			sourceTree = "<group>";
		};
		556EFCA37CA36D1E6F8708DF /* Products */ = {
			isa = PBXGroup;
			children = (
				A8536BE9B42FC1AAEB475CA7 /* Boomerang.framework */,
				FFEB4BE767D4E176D08E3253 /* Differentiator.framework */,
				C49745D4491E8773B77B977B /* RxBlocking.framework */,
				4B223206BD4BB8BCCD92BE90 /* RxBoomerang.framework */,
				F4F38B47A805033E31D86CCF /* RxBoomerangTest.framework */,
				0025A89C811997FF7A8E3B91 /* RxCocoa.framework */,
				F21A1E88FEF416FFA86BB1CF /* RxDataSources.framework */,
				6C3CB0267EC7DA83BBDC83E4 /* RxRelay.framework */,
				90378B2D1EFCC7E1DE16F871 /* RxSwift.framework */,
			);
			name = Products;
			sourceTree = "<group>";
		};
		5BE9118CCC05CC3772B501C5 /* Sources */ = {
			isa = PBXGroup;
			children = (
				BBC83D43EFAE574519C1D07D /* Core */,
				2CA2BBC53E1EA42FBC23FDD9 /* Rx */,
				D9DABC5BF00F42392F0B6CD6 /* RxTest */,
			);
			path = Sources;
			sourceTree = "<group>";
		};
		69C2178AD7D8D60A251615BB /* Scene */ = {
			isa = PBXGroup;
			children = (
				694CD2C98CCA3456955A461E /* Scene.swift */,
			);
			path = Scene;
			sourceTree = "<group>";
		};
		71E8922F34690912F1DC1D7D /* UIKit */ = {
			isa = PBXGroup;
			children = (
				69C2178AD7D8D60A251615BB /* Scene */,
				ED8B7C78B2B86016013E5FDC /* UICollectionView */,
				DE691DD332E8F8B56909D313 /* UIStackView */,
				0EC0962E500C9072E2A2B06A /* UITableView */,
				A7E7FA833657D56C2E577D58 /* UIView */,
			);
			path = UIKit;
			sourceTree = "<group>";
		};
		A7E7FA833657D56C2E577D58 /* UIView */ = {
			isa = PBXGroup;
			children = (
				D1B7BF13EF0D672F732DCA64 /* UIKit+Constraints.swift */,
				CE2F23521F47B39FA5F0EC84 /* ViewFactory.swift */,
			);
			path = UIView;
			sourceTree = "<group>";
		};
		BBC83D43EFAE574519C1D07D /* Core */ = {
			isa = PBXGroup;
			children = (
				F5EA155DEFE80A0D83BFDA7F /* Combine */,
				E86FDE83B0BD0190328CCE94 /* SwiftUI */,
				71E8922F34690912F1DC1D7D /* UIKit */,
				DA5505E26ED5A9A647A1AECA /* DependencyContainer.swift */,
				68B58A0809B02D3F72C9DA67 /* ElementSize.Implementations.swift */,
				13E2071C0490D64926B2CE9A /* ElementSize.swift */,
				E62A2E7C03CE2676A7405097 /* ListViewModel.swift */,
				71D56F065C68D42A83F7EF32 /* NavigationViewModel.swift */,
				9003708A8F4A4E4DF4D9C744 /* PropertyAssignment.swift */,
				4C0377465E7F9EF0C74BB3B8 /* Route.swift */,
				E5DDF42FE6AE1DC959BD89FB /* Section.swift */,
				C6AB81D1B65380882B2DFC75 /* ViewModel.swift */,
			);
			path = Core;
			sourceTree = "<group>";
		};
		D9DABC5BF00F42392F0B6CD6 /* RxTest */ = {
			isa = PBXGroup;
			children = (
				EC30A697C47083AC02F855F4 /* Errors.swift */,
				FA069B2E4B6982E5A81707F7 /* RxListViewModel.swift */,
				DD494C21F2256C90521F4733 /* RxNavigationViewModel.swift */,
				CDC0A411C7FC05AEC175B0F0 /* RxStateMachine.swift */,
				6AA2CC6F8CBE8A93EBE19614 /* RxViewModel.swift */,
				A4C96DC1FD55F873AD2F5D70 /* Utilities.swift */,
			);
			path = RxTest;
			sourceTree = "<group>";
		};
		DD41A370401755692CA1948B /* Calculators */ = {
			isa = PBXGroup;
			children = (
				192008887C184D89D5EF4DF1 /* AutomaticHeightCalculator.swift */,
				6F4D3834037F9E1CFA2D5958 /* BaseHeightCalculator.swift */,
				FC179766423D354016D65D16 /* DynamicHeightCalculator.swift */,
			);
			path = Calculators;
			sourceTree = "<group>";
		};
		DE691DD332E8F8B56909D313 /* UIStackView */ = {
			isa = PBXGroup;
			children = (
				46922F7963ECFEA40E8F91C7 /* UIStackView+Boomerang.swift */,
			);
			path = UIStackView;
			sourceTree = "<group>";
		};
		E44D07EBBBD63CB2A83BCAB1 /* InfoPlists */ = {
			isa = PBXGroup;
			children = (
				1F53E299718B01329058BC54 /* Boomerang-Info.plist */,
				92D81FF679D2FFB072EE789F /* RxBoomerang-Info.plist */,
				9CBA5D38F96D395F0F0CF54C /* RxBoomerangTest-Info.plist */,
			);
			path = InfoPlists;
			sourceTree = "<group>";
		};
		E86FDE83B0BD0190328CCE94 /* SwiftUI */ = {
			isa = PBXGroup;
			children = (
				A51FCC5677DB106FAC5B4E8E /* Grid.swift */,
				3EF3686EF7D59414B725A8DE /* List.swift */,
				5D29D4A39C5FBFB22DA753B7 /* SwiftUIViewFactory.swift */,
				A0B109702816D1F510E5424E /* SwiftUIViewModel.swift */,
			);
			path = SwiftUI;
			sourceTree = "<group>";
		};
		ED8B7C78B2B86016013E5FDC /* UICollectionView */ = {
			isa = PBXGroup;
			children = (
				F4C13C9DD4A6C1A5980DCCEB /* Calculators */,
				2A0E2449D53D297068D6685F /* CollectionViewCellFactory.swift */,
				88272D55BFA1034DA7AE662F /* CollectionViewDataSource.swift */,
				31940BBD34D16D54975A74E6 /* CollectionViewDelegate.swift */,
				0D3D4C4D5343CA980A51CC61 /* ContentCollectionViewCell.swift */,
				3BF5C8AD1192C94995BE2538 /* UICollectionView+Sizing.swift */,
			);
			path = UICollectionView;
			sourceTree = "<group>";
		};
		EE0FC75ED866AA7051D84144 /* Frameworks */ = {
			isa = PBXGroup;
			children = (
				4761CCE2FA9F58DE562EE577 /* UIKit.framework */,
				67E2CF8A682BDCB5EEC93495 /* XCTest.framework */,
			);
			name = Frameworks;
			sourceTree = "<group>";
		};
		F4C13C9DD4A6C1A5980DCCEB /* Calculators */ = {
			isa = PBXGroup;
			children = (
				213173C614E6E582ACFBF903 /* AutomaticSizeCalculator.swift */,
				7C9E8A7044E20469C17AD8E0 /* BaseSizeCalculator.swift */,
				BA834700866FAC74556A28F2 /* DynamicSizeCalculator.swift */,
			);
			path = Calculators;
			sourceTree = "<group>";
		};
		F5EA155DEFE80A0D83BFDA7F /* Combine */ = {
			isa = PBXGroup;
			children = (
				5A4A674A767F836D90F208F1 /* CombineViewModel.swift */,
			);
			path = Combine;
			sourceTree = "<group>";
		};
/* End PBXGroup section */

/* Begin PBXNativeTarget section */
		037AD08C87198EF4363389B4 /* RxBoomerang */ = {
			isa = PBXNativeTarget;
			buildConfigurationList = 8A14C9E038B5C94AACAC7697 /* Build configuration list for PBXNativeTarget "RxBoomerang" */;
			buildPhases = (
				4935BBB5517A237A0BCAA1CD /* Sources */,
				7CF57B3C06A443EF33FEA35C /* Resources */,
				464479FFE8D489274A2822B3 /* Embed Frameworks */,
				13E4AF4A5AC11F99C897C9FE /* Frameworks */,
			);
			buildRules = (
			);
			dependencies = (
				01CC294260477E3281BBD1E7 /* PBXTargetDependency */,
			);
			name = RxBoomerang;
			productName = RxBoomerang;
			productReference = 4B223206BD4BB8BCCD92BE90 /* RxBoomerang.framework */;
			productType = "com.apple.product-type.framework";
		};
		292A43BE996B52F6A65965BE /* Boomerang */ = {
			isa = PBXNativeTarget;
			buildConfigurationList = 2014A2CFCEA78BBF309B87CE /* Build configuration list for PBXNativeTarget "Boomerang" */;
			buildPhases = (
				EC628D2B278BB01E680A5C9A /* Sources */,
				4275326AF8B76A3B4A31DF2C /* Resources */,
				053693CC74A5173BEB8A7A47 /* Embed Frameworks */,
				FF4D8A14FA1BA9958B8178B2 /* Frameworks */,
			);
			buildRules = (
			);
			dependencies = (
			);
			name = Boomerang;
			productName = Boomerang;
			productReference = A8536BE9B42FC1AAEB475CA7 /* Boomerang.framework */;
			productType = "com.apple.product-type.framework";
		};
		479E14D4458DFE7853FCE3A3 /* RxBoomerangTest */ = {
			isa = PBXNativeTarget;
			buildConfigurationList = F4E9329666855C462A937C43 /* Build configuration list for PBXNativeTarget "RxBoomerangTest" */;
			buildPhases = (
				76812FC5867616B07324C970 /* Sources */,
				BB275223F3031BB8E99BBE8B /* Resources */,
				3D3FCC331DDBF24733EBA681 /* Embed Frameworks */,
				B05557A62B791B03DFF91414 /* Frameworks */,
			);
			buildRules = (
			);
			dependencies = (
				AFD0E9A5CCC9E2916370C507 /* PBXTargetDependency */,
			);
			name = RxBoomerangTest;
			productName = RxBoomerangTest;
			productReference = F4F38B47A805033E31D86CCF /* RxBoomerangTest.framework */;
			productType = "com.apple.product-type.framework";
		};
/* End PBXNativeTarget section */

/* Begin PBXProject section */
		3F82BF397D808EA7108D5355 /* Project object */ = {
			isa = PBXProject;
			attributes = {
				LastUpgradeCheck = 9999;
				TargetAttributes = {
				};
			};
			buildConfigurationList = F5CEC4BA31CE96650611A7E3 /* Build configuration list for PBXProject "Boomerang" */;
			compatibilityVersion = "Xcode 13.0";
			developmentRegion = en;
			hasScannedForEncodings = 0;
			knownRegions = (
				Base,
				en,
			);
			mainGroup = 541A14D8F3C3831477DA749A;
			productRefGroup = 556EFCA37CA36D1E6F8708DF /* Products */;
			projectDirPath = "";
			projectRoot = "";
			targets = (
				292A43BE996B52F6A65965BE /* Boomerang */,
				037AD08C87198EF4363389B4 /* RxBoomerang */,
				479E14D4458DFE7853FCE3A3 /* RxBoomerangTest */,
			);
		};
/* End PBXProject section */

/* Begin PBXResourcesBuildPhase section */
		4275326AF8B76A3B4A31DF2C /* Resources */ = {
			isa = PBXResourcesBuildPhase;
			buildActionMask = 2147483647;
			files = (
			);
			runOnlyForDeploymentPostprocessing = 0;
		};
		7CF57B3C06A443EF33FEA35C /* Resources */ = {
			isa = PBXResourcesBuildPhase;
			buildActionMask = 2147483647;
			files = (
			);
			runOnlyForDeploymentPostprocessing = 0;
		};
		BB275223F3031BB8E99BBE8B /* Resources */ = {
			isa = PBXResourcesBuildPhase;
			buildActionMask = 2147483647;
			files = (
			);
			runOnlyForDeploymentPostprocessing = 0;
		};
/* End PBXResourcesBuildPhase section */

/* Begin PBXSourcesBuildPhase section */
		4935BBB5517A237A0BCAA1CD /* Sources */ = {
			isa = PBXSourcesBuildPhase;
			buildActionMask = 2147483647;
			files = (
				B02B3252C446308C02D9E42E /* CollectionView+Rx.swift in Sources */,
				C8630CE9D48159F24E1E8ACA /* RxListViewModel.swift in Sources */,
				980B2315EA54BB72D2178600 /* RxNavigationViewModel.swift in Sources */,
				8B12B853083349E2979E0098 /* RxStateMachine.swift in Sources */,
				D9C59D49B58E0072B6B02767 /* RxViewModel.swift in Sources */,
				3B5B290C9481B25F553911EB /* StackView+Rx.swift in Sources */,
				B3EDB24DED4098E86C5B3DC5 /* TableView+Rx.swift in Sources */,
				A210CAEAFA3C25E5EBA00B71 /* ViewController+Rx.swift in Sources */,
			);
			runOnlyForDeploymentPostprocessing = 0;
		};
		76812FC5867616B07324C970 /* Sources */ = {
			isa = PBXSourcesBuildPhase;
			buildActionMask = 2147483647;
			files = (
				9E3AA459C296C1DF4EE70782 /* Errors.swift in Sources */,
				1293E2B4FD27EBD543DA69B6 /* RxListViewModel.swift in Sources */,
				250AE9EC6369E8A6B8D8DE21 /* RxNavigationViewModel.swift in Sources */,
				8ACC1244A2F4694E3E2E2255 /* RxStateMachine.swift in Sources */,
				525F76A508B735F5C2BDD0D4 /* RxViewModel.swift in Sources */,
				9822ED2C7CF244564F76281A /* Utilities.swift in Sources */,
			);
			runOnlyForDeploymentPostprocessing = 0;
		};
		EC628D2B278BB01E680A5C9A /* Sources */ = {
			isa = PBXSourcesBuildPhase;
			buildActionMask = 2147483647;
			files = (
				7D294CF31B97A5D2702D6009 /* CombineViewModel.swift in Sources */,
				93D387E379316DB070191F5F /* DependencyContainer.swift in Sources */,
				E28BA12C592B5D3C6342A359 /* ElementSize.Implementations.swift in Sources */,
				3E3CA117EF36F8560658E151 /* ElementSize.swift in Sources */,
				86CEBA40AFCE5866D20ADDA4 /* ListViewModel.swift in Sources */,
				FE6BBF694B397CCEB10F4929 /* NavigationViewModel.swift in Sources */,
				A2A56F9480C77A0446C5CC8E /* PropertyAssignment.swift in Sources */,
				A1E099B1A6C4284D26A56F67 /* Route.swift in Sources */,
				5E5543C953A3A4651911CFCD /* Section.swift in Sources */,
				C206888868A72BBA5B87D9ED /* Grid.swift in Sources */,
				62165506349044AE86179237 /* List.swift in Sources */,
				F91A637AE756BEFCFECC965C /* SwiftUIViewFactory.swift in Sources */,
				5BA7FEDA6D5FB20784A22C5B /* SwiftUIViewModel.swift in Sources */,
				5872B16FEDA5D21268CA51B2 /* Scene.swift in Sources */,
				68488EC7F4F1429D0C04006A /* AutomaticSizeCalculator.swift in Sources */,
				CBF6E8A2C2FEC33780DA715B /* BaseSizeCalculator.swift in Sources */,
				4323E28D3CE6A9C3BB00AFC7 /* DynamicSizeCalculator.swift in Sources */,
				0BA228AC4F6CEFAB13C25D1A /* CollectionViewCellFactory.swift in Sources */,
				F1AB660896F919CF74B00240 /* CollectionViewDataSource.swift in Sources */,
				5CA2E3FB868BA2845323CF4E /* CollectionViewDelegate.swift in Sources */,
				3712E119F1746387B5E9EEBF /* ContentCollectionViewCell.swift in Sources */,
				BCD5B1384701D5C00AC27C4F /* UICollectionView+Sizing.swift in Sources */,
				3B8F351AC4BBC357865A2E5A /* UIStackView+Boomerang.swift in Sources */,
				BC18B5A7D69EA219AECA13E6 /* AutomaticHeightCalculator.swift in Sources */,
				C63C82563A3E286FB0F8DFE9 /* BaseHeightCalculator.swift in Sources */,
				1A3A4CF3276F510DFFB27FE0 /* DynamicHeightCalculator.swift in Sources */,
				C0AC7F22D045AB41D83D1C36 /* ContentTableViewCell.swift in Sources */,
				83A164664BB096DC3D08B092 /* TableViewCellFactory.swift in Sources */,
				7A85FEBFDD6782F33E0DEBEA /* TableViewDataSource.swift in Sources */,
				98C4738E5D0EC7EFD96134CC /* TableViewDelegate.swift in Sources */,
				0D70D2AFB48D8632C9630ACF /* UITableView+Sizing.swift in Sources */,
				9DDE5CDD8C16B88A481AD12D /* UIKit+Constraints.swift in Sources */,
				A119C265F44E5FA249C75B91 /* ViewFactory.swift in Sources */,
				63AFC5D753497C928C5A1899 /* ViewModel.swift in Sources */,
			);
			runOnlyForDeploymentPostprocessing = 0;
		};
/* End PBXSourcesBuildPhase section */

/* Begin PBXTargetDependency section */
		01CC294260477E3281BBD1E7 /* PBXTargetDependency */ = {
			isa = PBXTargetDependency;
			name = Boomerang;
			target = 292A43BE996B52F6A65965BE /* Boomerang */;
			targetProxy = C14565F2B7496F77D391797D /* PBXContainerItemProxy */;
		};
		AFD0E9A5CCC9E2916370C507 /* PBXTargetDependency */ = {
			isa = PBXTargetDependency;
			name = RxBoomerang;
			target = 037AD08C87198EF4363389B4 /* RxBoomerang */;
			targetProxy = B7943111D3D9B69BD24A8141 /* PBXContainerItemProxy */;
		};
/* End PBXTargetDependency section */

/* Begin XCBuildConfiguration section */
		16367C0AABF25AD76BD05994 /* Production Release */ = {
			isa = XCBuildConfiguration;
			buildSettings = {
				ALWAYS_SEARCH_USER_PATHS = YES;
				CLANG_ENABLE_OBJC_WEAK = NO;
				CLANG_WARN_QUOTED_INCLUDE_IN_FRAMEWORK_HEADER = NO;
				CODE_SIGN_IDENTITY = "";
				CURRENT_PROJECT_VERSION = 1;
				DEFINES_MODULE = YES;
				DYLIB_COMPATIBILITY_VERSION = 1;
				DYLIB_CURRENT_VERSION = 1;
				DYLIB_INSTALL_NAME_BASE = "@rpath";
				ENABLE_STRICT_OBJC_MSGSEND = NO;
				FRAMEWORK_SEARCH_PATHS = (
					"$(inherited)",
					"$(PLATFORM_DIR)/Developer/Library/Frameworks",
				);
				GCC_NO_COMMON_BLOCKS = NO;
				GCC_PREPROCESSOR_DEFINITIONS = (
					"$(inherited)",
					"SWIFT_PACKAGE=1",
				);
				GCC_WARN_INHIBIT_ALL_WARNINGS = YES;
				INFOPLIST_FILE = "Derived/InfoPlists/RxBoomerangTest-Info.plist";
				INSTALL_PATH = "$(LOCAL_LIBRARY_DIR)/Frameworks";
				IPHONEOS_DEPLOYMENT_TARGET = 11.0;
				LD_RUNPATH_SEARCH_PATHS = (
					"$(inherited)",
					"@executable_path/Frameworks",
					"@loader_path/Frameworks",
				);
				PRODUCT_BUNDLE_IDENTIFIER = RxBoomerangTest;
				PRODUCT_NAME = RxBoomerangTest;
				SDKROOT = iphoneos;
				SKIP_INSTALL = YES;
				SUPPORTS_MACCATALYST = NO;
				SWIFT_ACTIVE_COMPILATION_CONDITIONS = PRODUCTION;
				SWIFT_COMPILATION_MODE = wholemodule;
				SWIFT_OPTIMIZATION_LEVEL = "-Owholemodule";
				SWIFT_SUPPRESS_WARNINGS = YES;
				TARGETED_DEVICE_FAMILY = "1,2";
				USE_HEADERMAP = NO;
				VERSIONING_SYSTEM = "apple-generic";
				VERSION_INFO_PREFIX = "";
			};
			name = "Production Release";
		};
		35C34F4147829E95A43DFD5E /* Production Release */ = {
			isa = XCBuildConfiguration;
			buildSettings = {
				ALWAYS_SEARCH_USER_PATHS = YES;
				CLANG_ENABLE_OBJC_WEAK = NO;
				CLANG_WARN_QUOTED_INCLUDE_IN_FRAMEWORK_HEADER = NO;
				CODE_SIGN_IDENTITY = "";
				CURRENT_PROJECT_VERSION = 1;
				DEFINES_MODULE = YES;
				DYLIB_COMPATIBILITY_VERSION = 1;
				DYLIB_CURRENT_VERSION = 1;
				DYLIB_INSTALL_NAME_BASE = "@rpath";
				ENABLE_STRICT_OBJC_MSGSEND = NO;
				FRAMEWORK_SEARCH_PATHS = (
					"$(inherited)",
					"$(PLATFORM_DIR)/Developer/Library/Frameworks",
				);
				GCC_NO_COMMON_BLOCKS = NO;
				GCC_PREPROCESSOR_DEFINITIONS = (
					"$(inherited)",
					"SWIFT_PACKAGE=1",
				);
				GCC_WARN_INHIBIT_ALL_WARNINGS = YES;
				INFOPLIST_FILE = "Derived/InfoPlists/Boomerang-Info.plist";
				INSTALL_PATH = "$(LOCAL_LIBRARY_DIR)/Frameworks";
				IPHONEOS_DEPLOYMENT_TARGET = 11.0;
				LD_RUNPATH_SEARCH_PATHS = (
					"$(inherited)",
					"@executable_path/Frameworks",
					"@loader_path/Frameworks",
				);
				PRODUCT_BUNDLE_IDENTIFIER = Boomerang;
				PRODUCT_NAME = Boomerang;
				SDKROOT = iphoneos;
				SKIP_INSTALL = YES;
				SUPPORTS_MACCATALYST = NO;
				SWIFT_ACTIVE_COMPILATION_CONDITIONS = PRODUCTION;
				SWIFT_COMPILATION_MODE = wholemodule;
				SWIFT_OPTIMIZATION_LEVEL = "-Owholemodule";
				SWIFT_SUPPRESS_WARNINGS = YES;
				TARGETED_DEVICE_FAMILY = "1,2";
				USE_HEADERMAP = NO;
				VERSIONING_SYSTEM = "apple-generic";
				VERSION_INFO_PREFIX = "";
			};
			name = "Production Release";
		};
		5A571FDB4213BFDD58E467FE /* Production Debug */ = {
			isa = XCBuildConfiguration;
			buildSettings = {
				ALWAYS_SEARCH_USER_PATHS = YES;
				CLANG_ENABLE_OBJC_WEAK = NO;
				CLANG_WARN_QUOTED_INCLUDE_IN_FRAMEWORK_HEADER = NO;
				CODE_SIGN_IDENTITY = "";
				CURRENT_PROJECT_VERSION = 1;
				DEFINES_MODULE = YES;
				DYLIB_COMPATIBILITY_VERSION = 1;
				DYLIB_CURRENT_VERSION = 1;
				DYLIB_INSTALL_NAME_BASE = "@rpath";
				ENABLE_STRICT_OBJC_MSGSEND = NO;
				FRAMEWORK_SEARCH_PATHS = (
					"$(inherited)",
					"$(PLATFORM_DIR)/Developer/Library/Frameworks",
				);
				GCC_NO_COMMON_BLOCKS = NO;
				GCC_PREPROCESSOR_DEFINITIONS = (
					"$(inherited)",
					"SWIFT_PACKAGE=1",
				);
				GCC_WARN_INHIBIT_ALL_WARNINGS = YES;
				INFOPLIST_FILE = "Derived/InfoPlists/RxBoomerangTest-Info.plist";
				INSTALL_PATH = "$(LOCAL_LIBRARY_DIR)/Frameworks";
				IPHONEOS_DEPLOYMENT_TARGET = 11.0;
				LD_RUNPATH_SEARCH_PATHS = (
					"$(inherited)",
					"@executable_path/Frameworks",
					"@loader_path/Frameworks",
				);
				PRODUCT_BUNDLE_IDENTIFIER = RxBoomerangTest;
				PRODUCT_NAME = RxBoomerangTest;
				SDKROOT = iphoneos;
				SKIP_INSTALL = YES;
				SUPPORTS_MACCATALYST = NO;
				SWIFT_ACTIVE_COMPILATION_CONDITIONS = "PRODUCTION DEBUG";
				SWIFT_COMPILATION_MODE = singlefile;
				SWIFT_OPTIMIZATION_LEVEL = "-Onone";
				SWIFT_SUPPRESS_WARNINGS = YES;
				TARGETED_DEVICE_FAMILY = "1,2";
				USE_HEADERMAP = NO;
				VERSIONING_SYSTEM = "apple-generic";
				VERSION_INFO_PREFIX = "";
			};
			name = "Production Debug";
		};
		702709EEE861CAC48DC0CBCE /* Production Debug */ = {
			isa = XCBuildConfiguration;
			buildSettings = {
				ALWAYS_SEARCH_USER_PATHS = YES;
				CLANG_ENABLE_OBJC_WEAK = NO;
				CLANG_WARN_QUOTED_INCLUDE_IN_FRAMEWORK_HEADER = NO;
				CODE_SIGN_IDENTITY = "";
				CURRENT_PROJECT_VERSION = 1;
				DEFINES_MODULE = YES;
				DYLIB_COMPATIBILITY_VERSION = 1;
				DYLIB_CURRENT_VERSION = 1;
				DYLIB_INSTALL_NAME_BASE = "@rpath";
				ENABLE_STRICT_OBJC_MSGSEND = NO;
				FRAMEWORK_SEARCH_PATHS = (
					"$(inherited)",
					"$(PLATFORM_DIR)/Developer/Library/Frameworks",
				);
				GCC_NO_COMMON_BLOCKS = NO;
				GCC_PREPROCESSOR_DEFINITIONS = (
					"$(inherited)",
					"SWIFT_PACKAGE=1",
				);
				GCC_WARN_INHIBIT_ALL_WARNINGS = YES;
				INFOPLIST_FILE = "Derived/InfoPlists/Boomerang-Info.plist";
				INSTALL_PATH = "$(LOCAL_LIBRARY_DIR)/Frameworks";
				IPHONEOS_DEPLOYMENT_TARGET = 11.0;
				LD_RUNPATH_SEARCH_PATHS = (
					"$(inherited)",
					"@executable_path/Frameworks",
					"@loader_path/Frameworks",
				);
				PRODUCT_BUNDLE_IDENTIFIER = Boomerang;
				PRODUCT_NAME = Boomerang;
				SDKROOT = iphoneos;
				SKIP_INSTALL = YES;
				SUPPORTS_MACCATALYST = NO;
				SWIFT_ACTIVE_COMPILATION_CONDITIONS = "PRODUCTION DEBUG";
				SWIFT_COMPILATION_MODE = singlefile;
				SWIFT_OPTIMIZATION_LEVEL = "-Onone";
				SWIFT_SUPPRESS_WARNINGS = YES;
				TARGETED_DEVICE_FAMILY = "1,2";
				USE_HEADERMAP = NO;
				VERSIONING_SYSTEM = "apple-generic";
				VERSION_INFO_PREFIX = "";
			};
			name = "Production Debug";
		};
		820864EF8BAA59578516C9EE /* Production Debug */ = {
			isa = XCBuildConfiguration;
			buildSettings = {
				ALWAYS_SEARCH_USER_PATHS = YES;
				CLANG_ENABLE_OBJC_WEAK = NO;
				CLANG_WARN_QUOTED_INCLUDE_IN_FRAMEWORK_HEADER = NO;
				CODE_SIGN_IDENTITY = "";
				CURRENT_PROJECT_VERSION = 1;
				DEFINES_MODULE = YES;
				DYLIB_COMPATIBILITY_VERSION = 1;
				DYLIB_CURRENT_VERSION = 1;
				DYLIB_INSTALL_NAME_BASE = "@rpath";
				ENABLE_STRICT_OBJC_MSGSEND = NO;
				FRAMEWORK_SEARCH_PATHS = (
					"$(inherited)",
					"$(PLATFORM_DIR)/Developer/Library/Frameworks",
				);
				GCC_NO_COMMON_BLOCKS = NO;
				GCC_PREPROCESSOR_DEFINITIONS = (
					"$(inherited)",
					"SWIFT_PACKAGE=1",
				);
				GCC_WARN_INHIBIT_ALL_WARNINGS = YES;
				INFOPLIST_FILE = "Derived/InfoPlists/RxBoomerang-Info.plist";
				INSTALL_PATH = "$(LOCAL_LIBRARY_DIR)/Frameworks";
				IPHONEOS_DEPLOYMENT_TARGET = 11.0;
				LD_RUNPATH_SEARCH_PATHS = (
					"$(inherited)",
					"@executable_path/Frameworks",
					"@loader_path/Frameworks",
				);
				PRODUCT_BUNDLE_IDENTIFIER = RxBoomerang;
				PRODUCT_NAME = RxBoomerang;
				SDKROOT = iphoneos;
				SKIP_INSTALL = YES;
				SUPPORTS_MACCATALYST = NO;
				SWIFT_ACTIVE_COMPILATION_CONDITIONS = "PRODUCTION DEBUG";
				SWIFT_COMPILATION_MODE = singlefile;
				SWIFT_OPTIMIZATION_LEVEL = "-Onone";
				SWIFT_SUPPRESS_WARNINGS = YES;
				TARGETED_DEVICE_FAMILY = "1,2";
				USE_HEADERMAP = NO;
				VERSIONING_SYSTEM = "apple-generic";
				VERSION_INFO_PREFIX = "";
			};
			name = "Production Debug";
		};
		8CCF7FEBF1638CEABF9A5620 /* Devel Debug */ = {
			isa = XCBuildConfiguration;
			buildSettings = {
				ALWAYS_SEARCH_USER_PATHS = YES;
				CLANG_ENABLE_OBJC_WEAK = NO;
				CLANG_WARN_QUOTED_INCLUDE_IN_FRAMEWORK_HEADER = NO;
				CODE_SIGN_IDENTITY = "";
				CURRENT_PROJECT_VERSION = 1;
				DEFINES_MODULE = YES;
				DYLIB_COMPATIBILITY_VERSION = 1;
				DYLIB_CURRENT_VERSION = 1;
				DYLIB_INSTALL_NAME_BASE = "@rpath";
				ENABLE_STRICT_OBJC_MSGSEND = NO;
				FRAMEWORK_SEARCH_PATHS = (
					"$(inherited)",
					"$(PLATFORM_DIR)/Developer/Library/Frameworks",
				);
				GCC_NO_COMMON_BLOCKS = NO;
				GCC_PREPROCESSOR_DEFINITIONS = (
					"$(inherited)",
					"SWIFT_PACKAGE=1",
				);
				GCC_WARN_INHIBIT_ALL_WARNINGS = YES;
				INFOPLIST_FILE = "Derived/InfoPlists/Boomerang-Info.plist";
				INSTALL_PATH = "$(LOCAL_LIBRARY_DIR)/Frameworks";
				IPHONEOS_DEPLOYMENT_TARGET = 11.0;
				LD_RUNPATH_SEARCH_PATHS = (
					"$(inherited)",
					"@executable_path/Frameworks",
					"@loader_path/Frameworks",
				);
				PRODUCT_BUNDLE_IDENTIFIER = Boomerang;
				PRODUCT_NAME = Boomerang;
				SDKROOT = iphoneos;
				SKIP_INSTALL = YES;
				SUPPORTS_MACCATALYST = NO;
				SWIFT_ACTIVE_COMPILATION_CONDITIONS = "DEVEL DEBUG";
				SWIFT_COMPILATION_MODE = singlefile;
				SWIFT_OPTIMIZATION_LEVEL = "-Onone";
				SWIFT_SUPPRESS_WARNINGS = YES;
				TARGETED_DEVICE_FAMILY = "1,2";
				USE_HEADERMAP = NO;
				VERSIONING_SYSTEM = "apple-generic";
				VERSION_INFO_PREFIX = "";
			};
			name = "Devel Debug";
		};
		9433747BD85A2099C21C0EDD /* Devel Release */ = {
			isa = XCBuildConfiguration;
			buildSettings = {
				ALWAYS_SEARCH_USER_PATHS = YES;
				CLANG_ENABLE_OBJC_WEAK = NO;
				CLANG_WARN_QUOTED_INCLUDE_IN_FRAMEWORK_HEADER = NO;
				CODE_SIGN_IDENTITY = "";
				CURRENT_PROJECT_VERSION = 1;
				DEFINES_MODULE = YES;
				DYLIB_COMPATIBILITY_VERSION = 1;
				DYLIB_CURRENT_VERSION = 1;
				DYLIB_INSTALL_NAME_BASE = "@rpath";
				ENABLE_STRICT_OBJC_MSGSEND = NO;
				FRAMEWORK_SEARCH_PATHS = (
					"$(inherited)",
					"$(PLATFORM_DIR)/Developer/Library/Frameworks",
				);
				GCC_NO_COMMON_BLOCKS = NO;
				GCC_PREPROCESSOR_DEFINITIONS = (
					"$(inherited)",
					"SWIFT_PACKAGE=1",
				);
				GCC_WARN_INHIBIT_ALL_WARNINGS = YES;
				INFOPLIST_FILE = "Derived/InfoPlists/RxBoomerang-Info.plist";
				INSTALL_PATH = "$(LOCAL_LIBRARY_DIR)/Frameworks";
				IPHONEOS_DEPLOYMENT_TARGET = 11.0;
				LD_RUNPATH_SEARCH_PATHS = (
					"$(inherited)",
					"@executable_path/Frameworks",
					"@loader_path/Frameworks",
				);
				PRODUCT_BUNDLE_IDENTIFIER = RxBoomerang;
				PRODUCT_NAME = RxBoomerang;
				SDKROOT = iphoneos;
				SKIP_INSTALL = YES;
				SUPPORTS_MACCATALYST = NO;
				SWIFT_ACTIVE_COMPILATION_CONDITIONS = DEVEL;
				SWIFT_COMPILATION_MODE = wholemodule;
				SWIFT_OPTIMIZATION_LEVEL = "-Owholemodule";
				SWIFT_SUPPRESS_WARNINGS = YES;
				TARGETED_DEVICE_FAMILY = "1,2";
				USE_HEADERMAP = NO;
				VERSIONING_SYSTEM = "apple-generic";
				VERSION_INFO_PREFIX = "";
			};
			name = "Devel Release";
		};
		9D5AD120D524DCD67FD04607 /* Devel Debug */ = {
			isa = XCBuildConfiguration;
			buildSettings = {
				ALWAYS_SEARCH_USER_PATHS = NO;
				CLANG_ANALYZER_LOCALIZABILITY_NONLOCALIZED = YES;
				CLANG_ANALYZER_NONNULL = YES;
				CLANG_ANALYZER_NUMBER_OBJECT_CONVERSION = YES_AGGRESSIVE;
				CLANG_CXX_LANGUAGE_STANDARD = "gnu++14";
				CLANG_CXX_LIBRARY = "libc++";
				CLANG_ENABLE_MODULES = YES;
				CLANG_ENABLE_OBJC_ARC = YES;
				CLANG_ENABLE_OBJC_WEAK = YES;
				CLANG_WARN_BLOCK_CAPTURE_AUTORELEASING = YES;
				CLANG_WARN_BOOL_CONVERSION = YES;
				CLANG_WARN_COMMA = YES;
				CLANG_WARN_CONSTANT_CONVERSION = YES;
				CLANG_WARN_DEPRECATED_OBJC_IMPLEMENTATIONS = YES;
				CLANG_WARN_DIRECT_OBJC_ISA_USAGE = YES_ERROR;
				CLANG_WARN_DOCUMENTATION_COMMENTS = YES;
				CLANG_WARN_EMPTY_BODY = YES;
				CLANG_WARN_ENUM_CONVERSION = YES;
				CLANG_WARN_INFINITE_RECURSION = YES;
				CLANG_WARN_INT_CONVERSION = YES;
				CLANG_WARN_NON_LITERAL_NULL_CONVERSION = YES;
				CLANG_WARN_OBJC_IMPLICIT_RETAIN_SELF = YES;
				CLANG_WARN_OBJC_LITERAL_CONVERSION = YES;
				CLANG_WARN_OBJC_ROOT_CLASS = YES_ERROR;
				CLANG_WARN_QUOTED_INCLUDE_IN_FRAMEWORK_HEADER = YES;
				CLANG_WARN_RANGE_LOOP_ANALYSIS = YES;
				CLANG_WARN_STRICT_PROTOTYPES = YES;
				CLANG_WARN_SUSPICIOUS_MOVE = YES;
				CLANG_WARN_UNGUARDED_AVAILABILITY = YES_AGGRESSIVE;
				CLANG_WARN_UNREACHABLE_CODE = YES;
				CLANG_WARN__DUPLICATE_METHOD_MATCH = YES;
				COPY_PHASE_STRIP = NO;
				DEAD_CODE_STRIPPING = YES;
				DEBUG_INFORMATION_FORMAT = dwarf;
				ENABLE_STRICT_OBJC_MSGSEND = YES;
				ENABLE_TESTABILITY = YES;
				GCC_C_LANGUAGE_STANDARD = gnu11;
				GCC_DYNAMIC_NO_PIC = NO;
				GCC_NO_COMMON_BLOCKS = YES;
				GCC_OPTIMIZATION_LEVEL = 0;
				GCC_PREPROCESSOR_DEFINITIONS = (
					"DEBUG=1",
					"$(inherited)",
				);
				GCC_WARN_64_TO_32_BIT_CONVERSION = YES;
				GCC_WARN_ABOUT_RETURN_TYPE = YES_ERROR;
				GCC_WARN_UNDECLARED_SELECTOR = YES;
				GCC_WARN_UNINITIALIZED_AUTOS = YES_AGGRESSIVE;
				GCC_WARN_UNUSED_FUNCTION = YES;
				GCC_WARN_UNUSED_VARIABLE = YES;
				MTL_ENABLE_DEBUG_INFO = YES;
				ONLY_ACTIVE_ARCH = YES;
				PRODUCT_NAME = "$(TARGET_NAME)";
				SWIFT_VERSION = 5.0.0;
			};
			name = "Devel Debug";
		};
		A55394B2F7F3F6804687865C /* Devel Release */ = {
			isa = XCBuildConfiguration;
			buildSettings = {
				ALWAYS_SEARCH_USER_PATHS = NO;
				CLANG_ANALYZER_LOCALIZABILITY_NONLOCALIZED = YES;
				CLANG_ANALYZER_NONNULL = YES;
				CLANG_ANALYZER_NUMBER_OBJECT_CONVERSION = YES_AGGRESSIVE;
				CLANG_CXX_LANGUAGE_STANDARD = "gnu++14";
				CLANG_CXX_LIBRARY = "libc++";
				CLANG_ENABLE_MODULES = YES;
				CLANG_ENABLE_OBJC_ARC = YES;
				CLANG_ENABLE_OBJC_WEAK = YES;
				CLANG_WARN_BLOCK_CAPTURE_AUTORELEASING = YES;
				CLANG_WARN_BOOL_CONVERSION = YES;
				CLANG_WARN_COMMA = YES;
				CLANG_WARN_CONSTANT_CONVERSION = YES;
				CLANG_WARN_DEPRECATED_OBJC_IMPLEMENTATIONS = YES;
				CLANG_WARN_DIRECT_OBJC_ISA_USAGE = YES_ERROR;
				CLANG_WARN_DOCUMENTATION_COMMENTS = YES;
				CLANG_WARN_EMPTY_BODY = YES;
				CLANG_WARN_ENUM_CONVERSION = YES;
				CLANG_WARN_INFINITE_RECURSION = YES;
				CLANG_WARN_INT_CONVERSION = YES;
				CLANG_WARN_NON_LITERAL_NULL_CONVERSION = YES;
				CLANG_WARN_OBJC_IMPLICIT_RETAIN_SELF = YES;
				CLANG_WARN_OBJC_LITERAL_CONVERSION = YES;
				CLANG_WARN_OBJC_ROOT_CLASS = YES_ERROR;
				CLANG_WARN_QUOTED_INCLUDE_IN_FRAMEWORK_HEADER = YES;
				CLANG_WARN_RANGE_LOOP_ANALYSIS = YES;
				CLANG_WARN_STRICT_PROTOTYPES = YES;
				CLANG_WARN_SUSPICIOUS_MOVE = YES;
				CLANG_WARN_UNGUARDED_AVAILABILITY = YES_AGGRESSIVE;
				CLANG_WARN_UNREACHABLE_CODE = YES;
				CLANG_WARN__DUPLICATE_METHOD_MATCH = YES;
				COPY_PHASE_STRIP = NO;
				DEAD_CODE_STRIPPING = YES;
				DEBUG_INFORMATION_FORMAT = "dwarf-with-dsym";
				ENABLE_NS_ASSERTIONS = NO;
				ENABLE_STRICT_OBJC_MSGSEND = YES;
				GCC_C_LANGUAGE_STANDARD = gnu11;
				GCC_NO_COMMON_BLOCKS = YES;
				GCC_WARN_64_TO_32_BIT_CONVERSION = YES;
				GCC_WARN_ABOUT_RETURN_TYPE = YES_ERROR;
				GCC_WARN_UNDECLARED_SELECTOR = YES;
				GCC_WARN_UNINITIALIZED_AUTOS = YES_AGGRESSIVE;
				GCC_WARN_UNUSED_FUNCTION = YES;
				GCC_WARN_UNUSED_VARIABLE = YES;
				MTL_ENABLE_DEBUG_INFO = NO;
				PRODUCT_NAME = "$(TARGET_NAME)";
				SWIFT_VERSION = 5.0.0;
				VALIDATE_PRODUCT = YES;
			};
			name = "Devel Release";
		};
		A8E6C945C78E82DA78A47412 /* Production Release */ = {
			isa = XCBuildConfiguration;
			buildSettings = {
				ALWAYS_SEARCH_USER_PATHS = YES;
				CLANG_ENABLE_OBJC_WEAK = NO;
				CLANG_WARN_QUOTED_INCLUDE_IN_FRAMEWORK_HEADER = NO;
				CODE_SIGN_IDENTITY = "";
				CURRENT_PROJECT_VERSION = 1;
				DEFINES_MODULE = YES;
				DYLIB_COMPATIBILITY_VERSION = 1;
				DYLIB_CURRENT_VERSION = 1;
				DYLIB_INSTALL_NAME_BASE = "@rpath";
				ENABLE_STRICT_OBJC_MSGSEND = NO;
				FRAMEWORK_SEARCH_PATHS = (
					"$(inherited)",
					"$(PLATFORM_DIR)/Developer/Library/Frameworks",
				);
				GCC_NO_COMMON_BLOCKS = NO;
				GCC_PREPROCESSOR_DEFINITIONS = (
					"$(inherited)",
					"SWIFT_PACKAGE=1",
				);
				GCC_WARN_INHIBIT_ALL_WARNINGS = YES;
				INFOPLIST_FILE = "Derived/InfoPlists/RxBoomerang-Info.plist";
				INSTALL_PATH = "$(LOCAL_LIBRARY_DIR)/Frameworks";
				IPHONEOS_DEPLOYMENT_TARGET = 11.0;
				LD_RUNPATH_SEARCH_PATHS = (
					"$(inherited)",
					"@executable_path/Frameworks",
					"@loader_path/Frameworks",
				);
				PRODUCT_BUNDLE_IDENTIFIER = RxBoomerang;
				PRODUCT_NAME = RxBoomerang;
				SDKROOT = iphoneos;
				SKIP_INSTALL = YES;
				SUPPORTS_MACCATALYST = NO;
				SWIFT_ACTIVE_COMPILATION_CONDITIONS = PRODUCTION;
				SWIFT_COMPILATION_MODE = wholemodule;
				SWIFT_OPTIMIZATION_LEVEL = "-Owholemodule";
				SWIFT_SUPPRESS_WARNINGS = YES;
				TARGETED_DEVICE_FAMILY = "1,2";
				USE_HEADERMAP = NO;
				VERSIONING_SYSTEM = "apple-generic";
				VERSION_INFO_PREFIX = "";
			};
			name = "Production Release";
		};
		B9C8564D20BFE21036CC2E94 /* Production Release */ = {
			isa = XCBuildConfiguration;
			buildSettings = {
				ALWAYS_SEARCH_USER_PATHS = NO;
				CLANG_ANALYZER_LOCALIZABILITY_NONLOCALIZED = YES;
				CLANG_ANALYZER_NONNULL = YES;
				CLANG_ANALYZER_NUMBER_OBJECT_CONVERSION = YES_AGGRESSIVE;
				CLANG_CXX_LANGUAGE_STANDARD = "gnu++14";
				CLANG_CXX_LIBRARY = "libc++";
				CLANG_ENABLE_MODULES = YES;
				CLANG_ENABLE_OBJC_ARC = YES;
				CLANG_ENABLE_OBJC_WEAK = YES;
				CLANG_WARN_BLOCK_CAPTURE_AUTORELEASING = YES;
				CLANG_WARN_BOOL_CONVERSION = YES;
				CLANG_WARN_COMMA = YES;
				CLANG_WARN_CONSTANT_CONVERSION = YES;
				CLANG_WARN_DEPRECATED_OBJC_IMPLEMENTATIONS = YES;
				CLANG_WARN_DIRECT_OBJC_ISA_USAGE = YES_ERROR;
				CLANG_WARN_DOCUMENTATION_COMMENTS = YES;
				CLANG_WARN_EMPTY_BODY = YES;
				CLANG_WARN_ENUM_CONVERSION = YES;
				CLANG_WARN_INFINITE_RECURSION = YES;
				CLANG_WARN_INT_CONVERSION = YES;
				CLANG_WARN_NON_LITERAL_NULL_CONVERSION = YES;
				CLANG_WARN_OBJC_IMPLICIT_RETAIN_SELF = YES;
				CLANG_WARN_OBJC_LITERAL_CONVERSION = YES;
				CLANG_WARN_OBJC_ROOT_CLASS = YES_ERROR;
				CLANG_WARN_QUOTED_INCLUDE_IN_FRAMEWORK_HEADER = YES;
				CLANG_WARN_RANGE_LOOP_ANALYSIS = YES;
				CLANG_WARN_STRICT_PROTOTYPES = YES;
				CLANG_WARN_SUSPICIOUS_MOVE = YES;
				CLANG_WARN_UNGUARDED_AVAILABILITY = YES_AGGRESSIVE;
				CLANG_WARN_UNREACHABLE_CODE = YES;
				CLANG_WARN__DUPLICATE_METHOD_MATCH = YES;
				COPY_PHASE_STRIP = NO;
				DEAD_CODE_STRIPPING = YES;
				DEBUG_INFORMATION_FORMAT = "dwarf-with-dsym";
				ENABLE_NS_ASSERTIONS = NO;
				ENABLE_STRICT_OBJC_MSGSEND = YES;
				GCC_C_LANGUAGE_STANDARD = gnu11;
				GCC_NO_COMMON_BLOCKS = YES;
				GCC_WARN_64_TO_32_BIT_CONVERSION = YES;
				GCC_WARN_ABOUT_RETURN_TYPE = YES_ERROR;
				GCC_WARN_UNDECLARED_SELECTOR = YES;
				GCC_WARN_UNINITIALIZED_AUTOS = YES_AGGRESSIVE;
				GCC_WARN_UNUSED_FUNCTION = YES;
				GCC_WARN_UNUSED_VARIABLE = YES;
				MTL_ENABLE_DEBUG_INFO = NO;
				PRODUCT_NAME = "$(TARGET_NAME)";
				SWIFT_VERSION = 5.0.0;
				VALIDATE_PRODUCT = YES;
			};
			name = "Production Release";
		};
		BE8ED814D34AB896119E741D /* Devel Release */ = {
			isa = XCBuildConfiguration;
			buildSettings = {
				ALWAYS_SEARCH_USER_PATHS = YES;
				CLANG_ENABLE_OBJC_WEAK = NO;
				CLANG_WARN_QUOTED_INCLUDE_IN_FRAMEWORK_HEADER = NO;
				CODE_SIGN_IDENTITY = "";
				CURRENT_PROJECT_VERSION = 1;
				DEFINES_MODULE = YES;
				DYLIB_COMPATIBILITY_VERSION = 1;
				DYLIB_CURRENT_VERSION = 1;
				DYLIB_INSTALL_NAME_BASE = "@rpath";
				ENABLE_STRICT_OBJC_MSGSEND = NO;
				FRAMEWORK_SEARCH_PATHS = (
					"$(inherited)",
					"$(PLATFORM_DIR)/Developer/Library/Frameworks",
				);
				GCC_NO_COMMON_BLOCKS = NO;
				GCC_PREPROCESSOR_DEFINITIONS = (
					"$(inherited)",
					"SWIFT_PACKAGE=1",
				);
				GCC_WARN_INHIBIT_ALL_WARNINGS = YES;
				INFOPLIST_FILE = "Derived/InfoPlists/RxBoomerangTest-Info.plist";
				INSTALL_PATH = "$(LOCAL_LIBRARY_DIR)/Frameworks";
				IPHONEOS_DEPLOYMENT_TARGET = 11.0;
				LD_RUNPATH_SEARCH_PATHS = (
					"$(inherited)",
					"@executable_path/Frameworks",
					"@loader_path/Frameworks",
				);
				PRODUCT_BUNDLE_IDENTIFIER = RxBoomerangTest;
				PRODUCT_NAME = RxBoomerangTest;
				SDKROOT = iphoneos;
				SKIP_INSTALL = YES;
				SUPPORTS_MACCATALYST = NO;
				SWIFT_ACTIVE_COMPILATION_CONDITIONS = DEVEL;
				SWIFT_COMPILATION_MODE = wholemodule;
				SWIFT_OPTIMIZATION_LEVEL = "-Owholemodule";
				SWIFT_SUPPRESS_WARNINGS = YES;
				TARGETED_DEVICE_FAMILY = "1,2";
				USE_HEADERMAP = NO;
				VERSIONING_SYSTEM = "apple-generic";
				VERSION_INFO_PREFIX = "";
			};
			name = "Devel Release";
		};
		CBA7A45022DBEDB0E094EE17 /* Devel Debug */ = {
			isa = XCBuildConfiguration;
			buildSettings = {
				ALWAYS_SEARCH_USER_PATHS = YES;
				CLANG_ENABLE_OBJC_WEAK = NO;
				CLANG_WARN_QUOTED_INCLUDE_IN_FRAMEWORK_HEADER = NO;
				CODE_SIGN_IDENTITY = "";
				CURRENT_PROJECT_VERSION = 1;
				DEFINES_MODULE = YES;
				DYLIB_COMPATIBILITY_VERSION = 1;
				DYLIB_CURRENT_VERSION = 1;
				DYLIB_INSTALL_NAME_BASE = "@rpath";
				ENABLE_STRICT_OBJC_MSGSEND = NO;
				FRAMEWORK_SEARCH_PATHS = (
					"$(inherited)",
					"$(PLATFORM_DIR)/Developer/Library/Frameworks",
				);
				GCC_NO_COMMON_BLOCKS = NO;
				GCC_PREPROCESSOR_DEFINITIONS = (
					"$(inherited)",
					"SWIFT_PACKAGE=1",
				);
				GCC_WARN_INHIBIT_ALL_WARNINGS = YES;
				INFOPLIST_FILE = "Derived/InfoPlists/RxBoomerangTest-Info.plist";
				INSTALL_PATH = "$(LOCAL_LIBRARY_DIR)/Frameworks";
				IPHONEOS_DEPLOYMENT_TARGET = 11.0;
				LD_RUNPATH_SEARCH_PATHS = (
					"$(inherited)",
					"@executable_path/Frameworks",
					"@loader_path/Frameworks",
				);
				PRODUCT_BUNDLE_IDENTIFIER = RxBoomerangTest;
				PRODUCT_NAME = RxBoomerangTest;
				SDKROOT = iphoneos;
				SKIP_INSTALL = YES;
				SUPPORTS_MACCATALYST = NO;
				SWIFT_ACTIVE_COMPILATION_CONDITIONS = "DEVEL DEBUG";
				SWIFT_COMPILATION_MODE = singlefile;
				SWIFT_OPTIMIZATION_LEVEL = "-Onone";
				SWIFT_SUPPRESS_WARNINGS = YES;
				TARGETED_DEVICE_FAMILY = "1,2";
				USE_HEADERMAP = NO;
				VERSIONING_SYSTEM = "apple-generic";
				VERSION_INFO_PREFIX = "";
			};
			name = "Devel Debug";
		};
		D86DDB16530EB815D16D4BAB /* Production Debug */ = {
			isa = XCBuildConfiguration;
			buildSettings = {
				ALWAYS_SEARCH_USER_PATHS = NO;
				CLANG_ANALYZER_LOCALIZABILITY_NONLOCALIZED = YES;
				CLANG_ANALYZER_NONNULL = YES;
				CLANG_ANALYZER_NUMBER_OBJECT_CONVERSION = YES_AGGRESSIVE;
				CLANG_CXX_LANGUAGE_STANDARD = "gnu++14";
				CLANG_CXX_LIBRARY = "libc++";
				CLANG_ENABLE_MODULES = YES;
				CLANG_ENABLE_OBJC_ARC = YES;
				CLANG_ENABLE_OBJC_WEAK = YES;
				CLANG_WARN_BLOCK_CAPTURE_AUTORELEASING = YES;
				CLANG_WARN_BOOL_CONVERSION = YES;
				CLANG_WARN_COMMA = YES;
				CLANG_WARN_CONSTANT_CONVERSION = YES;
				CLANG_WARN_DEPRECATED_OBJC_IMPLEMENTATIONS = YES;
				CLANG_WARN_DIRECT_OBJC_ISA_USAGE = YES_ERROR;
				CLANG_WARN_DOCUMENTATION_COMMENTS = YES;
				CLANG_WARN_EMPTY_BODY = YES;
				CLANG_WARN_ENUM_CONVERSION = YES;
				CLANG_WARN_INFINITE_RECURSION = YES;
				CLANG_WARN_INT_CONVERSION = YES;
				CLANG_WARN_NON_LITERAL_NULL_CONVERSION = YES;
				CLANG_WARN_OBJC_IMPLICIT_RETAIN_SELF = YES;
				CLANG_WARN_OBJC_LITERAL_CONVERSION = YES;
				CLANG_WARN_OBJC_ROOT_CLASS = YES_ERROR;
				CLANG_WARN_QUOTED_INCLUDE_IN_FRAMEWORK_HEADER = YES;
				CLANG_WARN_RANGE_LOOP_ANALYSIS = YES;
				CLANG_WARN_STRICT_PROTOTYPES = YES;
				CLANG_WARN_SUSPICIOUS_MOVE = YES;
				CLANG_WARN_UNGUARDED_AVAILABILITY = YES_AGGRESSIVE;
				CLANG_WARN_UNREACHABLE_CODE = YES;
				CLANG_WARN__DUPLICATE_METHOD_MATCH = YES;
				COPY_PHASE_STRIP = NO;
				DEAD_CODE_STRIPPING = YES;
				DEBUG_INFORMATION_FORMAT = dwarf;
				ENABLE_STRICT_OBJC_MSGSEND = YES;
				ENABLE_TESTABILITY = YES;
				GCC_C_LANGUAGE_STANDARD = gnu11;
				GCC_DYNAMIC_NO_PIC = NO;
				GCC_NO_COMMON_BLOCKS = YES;
				GCC_OPTIMIZATION_LEVEL = 0;
				GCC_PREPROCESSOR_DEFINITIONS = (
					"DEBUG=1",
					"$(inherited)",
				);
				GCC_WARN_64_TO_32_BIT_CONVERSION = YES;
				GCC_WARN_ABOUT_RETURN_TYPE = YES_ERROR;
				GCC_WARN_UNDECLARED_SELECTOR = YES;
				GCC_WARN_UNINITIALIZED_AUTOS = YES_AGGRESSIVE;
				GCC_WARN_UNUSED_FUNCTION = YES;
				GCC_WARN_UNUSED_VARIABLE = YES;
				MTL_ENABLE_DEBUG_INFO = YES;
				ONLY_ACTIVE_ARCH = YES;
				PRODUCT_NAME = "$(TARGET_NAME)";
				SWIFT_VERSION = 5.0.0;
			};
			name = "Production Debug";
		};
		E3118F30A0B4988CFE2E1440 /* Devel Debug */ = {
			isa = XCBuildConfiguration;
			buildSettings = {
				ALWAYS_SEARCH_USER_PATHS = YES;
				CLANG_ENABLE_OBJC_WEAK = NO;
				CLANG_WARN_QUOTED_INCLUDE_IN_FRAMEWORK_HEADER = NO;
				CODE_SIGN_IDENTITY = "";
				CURRENT_PROJECT_VERSION = 1;
				DEFINES_MODULE = YES;
				DYLIB_COMPATIBILITY_VERSION = 1;
				DYLIB_CURRENT_VERSION = 1;
				DYLIB_INSTALL_NAME_BASE = "@rpath";
				ENABLE_STRICT_OBJC_MSGSEND = NO;
				FRAMEWORK_SEARCH_PATHS = (
					"$(inherited)",
					"$(PLATFORM_DIR)/Developer/Library/Frameworks",
				);
				GCC_NO_COMMON_BLOCKS = NO;
				GCC_PREPROCESSOR_DEFINITIONS = (
					"$(inherited)",
					"SWIFT_PACKAGE=1",
				);
				GCC_WARN_INHIBIT_ALL_WARNINGS = YES;
				INFOPLIST_FILE = "Derived/InfoPlists/RxBoomerang-Info.plist";
				INSTALL_PATH = "$(LOCAL_LIBRARY_DIR)/Frameworks";
				IPHONEOS_DEPLOYMENT_TARGET = 11.0;
				LD_RUNPATH_SEARCH_PATHS = (
					"$(inherited)",
					"@executable_path/Frameworks",
					"@loader_path/Frameworks",
				);
				PRODUCT_BUNDLE_IDENTIFIER = RxBoomerang;
				PRODUCT_NAME = RxBoomerang;
				SDKROOT = iphoneos;
				SKIP_INSTALL = YES;
				SUPPORTS_MACCATALYST = NO;
				SWIFT_ACTIVE_COMPILATION_CONDITIONS = "DEVEL DEBUG";
				SWIFT_COMPILATION_MODE = singlefile;
				SWIFT_OPTIMIZATION_LEVEL = "-Onone";
				SWIFT_SUPPRESS_WARNINGS = YES;
				TARGETED_DEVICE_FAMILY = "1,2";
				USE_HEADERMAP = NO;
				VERSIONING_SYSTEM = "apple-generic";
				VERSION_INFO_PREFIX = "";
			};
			name = "Devel Debug";
		};
		EB534B57EE9EFC5FF18E70C5 /* Devel Release */ = {
			isa = XCBuildConfiguration;
			buildSettings = {
				ALWAYS_SEARCH_USER_PATHS = YES;
				CLANG_ENABLE_OBJC_WEAK = NO;
				CLANG_WARN_QUOTED_INCLUDE_IN_FRAMEWORK_HEADER = NO;
				CODE_SIGN_IDENTITY = "";
				CURRENT_PROJECT_VERSION = 1;
				DEFINES_MODULE = YES;
				DYLIB_COMPATIBILITY_VERSION = 1;
				DYLIB_CURRENT_VERSION = 1;
				DYLIB_INSTALL_NAME_BASE = "@rpath";
				ENABLE_STRICT_OBJC_MSGSEND = NO;
				FRAMEWORK_SEARCH_PATHS = (
					"$(inherited)",
					"$(PLATFORM_DIR)/Developer/Library/Frameworks",
				);
				GCC_NO_COMMON_BLOCKS = NO;
				GCC_PREPROCESSOR_DEFINITIONS = (
					"$(inherited)",
					"SWIFT_PACKAGE=1",
				);
				GCC_WARN_INHIBIT_ALL_WARNINGS = YES;
				INFOPLIST_FILE = "Derived/InfoPlists/Boomerang-Info.plist";
				INSTALL_PATH = "$(LOCAL_LIBRARY_DIR)/Frameworks";
				IPHONEOS_DEPLOYMENT_TARGET = 11.0;
				LD_RUNPATH_SEARCH_PATHS = (
					"$(inherited)",
					"@executable_path/Frameworks",
					"@loader_path/Frameworks",
				);
				PRODUCT_BUNDLE_IDENTIFIER = Boomerang;
				PRODUCT_NAME = Boomerang;
				SDKROOT = iphoneos;
				SKIP_INSTALL = YES;
				SUPPORTS_MACCATALYST = NO;
				SWIFT_ACTIVE_COMPILATION_CONDITIONS = DEVEL;
				SWIFT_COMPILATION_MODE = wholemodule;
				SWIFT_OPTIMIZATION_LEVEL = "-Owholemodule";
				SWIFT_SUPPRESS_WARNINGS = YES;
				TARGETED_DEVICE_FAMILY = "1,2";
				USE_HEADERMAP = NO;
				VERSIONING_SYSTEM = "apple-generic";
				VERSION_INFO_PREFIX = "";
			};
			name = "Devel Release";
		};
/* End XCBuildConfiguration section */

/* Begin XCConfigurationList section */
		2014A2CFCEA78BBF309B87CE /* Build configuration list for PBXNativeTarget "Boomerang" */ = {
			isa = XCConfigurationList;
			buildConfigurations = (
				8CCF7FEBF1638CEABF9A5620 /* Devel Debug */,
				EB534B57EE9EFC5FF18E70C5 /* Devel Release */,
				702709EEE861CAC48DC0CBCE /* Production Debug */,
				35C34F4147829E95A43DFD5E /* Production Release */,
			);
			defaultConfigurationIsVisible = 0;
			defaultConfigurationName = "Devel Release";
		};
		8A14C9E038B5C94AACAC7697 /* Build configuration list for PBXNativeTarget "RxBoomerang" */ = {
			isa = XCConfigurationList;
			buildConfigurations = (
				E3118F30A0B4988CFE2E1440 /* Devel Debug */,
				9433747BD85A2099C21C0EDD /* Devel Release */,
				820864EF8BAA59578516C9EE /* Production Debug */,
				A8E6C945C78E82DA78A47412 /* Production Release */,
			);
			defaultConfigurationIsVisible = 0;
			defaultConfigurationName = "Devel Release";
		};
		F4E9329666855C462A937C43 /* Build configuration list for PBXNativeTarget "RxBoomerangTest" */ = {
			isa = XCConfigurationList;
			buildConfigurations = (
				CBA7A45022DBEDB0E094EE17 /* Devel Debug */,
				BE8ED814D34AB896119E741D /* Devel Release */,
				5A571FDB4213BFDD58E467FE /* Production Debug */,
				16367C0AABF25AD76BD05994 /* Production Release */,
			);
			defaultConfigurationIsVisible = 0;
			defaultConfigurationName = "Devel Release";
		};
		F5CEC4BA31CE96650611A7E3 /* Build configuration list for PBXProject "Boomerang" */ = {
			isa = XCConfigurationList;
			buildConfigurations = (
				9D5AD120D524DCD67FD04607 /* Devel Debug */,
				A55394B2F7F3F6804687865C /* Devel Release */,
				D86DDB16530EB815D16D4BAB /* Production Debug */,
				B9C8564D20BFE21036CC2E94 /* Production Release */,
			);
			defaultConfigurationIsVisible = 0;
			defaultConfigurationName = "Devel Release";
		};
/* End XCConfigurationList section */
	};
	rootObject = 3F82BF397D808EA7108D5355 /* Project object */;
}
